
Microsoft Visual Studio Solution File, Format Version 12.00
# Visual Studio Version 16
VisualStudioVersion = 16.0.31911.196
MinimumVisualStudioVersion = 10.0.40219.1
Project("{9A19103F-16F7-4668-BE54-9A1E7A4F7556}") = "uri_1000", "uri_1000\uri_1000.csproj", "{BC94E4CD-B6B8-4F29-B8F9-EBE30EA69CC5}"
EndProject
Project("{9A19103F-16F7-4668-BE54-9A1E7A4F7556}") = "uri_1001", "uri_1001\uri_1001.csproj", "{D375FC8E-C051-47B0-928E-8E226EB82421}"
EndProject
Project("{9A19103F-16F7-4668-BE54-9A1E7A4F7556}") = "uri_1002", "uri_1002\uri_1002.csproj", "{EE68A063-6A4F-4CB5-BF72-FBFDACF16827}"
EndProject
Project("{9A19103F-16F7-4668-BE54-9A1E7A4F7556}") = "uri_1003", "uri_1003\uri_1003.csproj", "{EBD2CE3D-89AB-4CC8-91C7-533EBB3400BA}"
EndProject
Project("{9A19103F-16F7-4668-BE54-9A1E7A4F7556}") = "uri_1004", "uri_1004\uri_1004.csproj", "{37C3E155-DB4B-427C-8294-B4F6328849A8}"
EndProject
Project("{9A19103F-16F7-4668-BE54-9A1E7A4F7556}") = "rui_1005", "rui_1005\rui_1005.csproj", "{EF8488C8-07DA-42A3-A5F9-D5320E2BDB4D}"
EndProject
Project("{9A19103F-16F7-4668-BE54-9A1E7A4F7556}") = "uri_1006", "uri_1006\uri_1006.csproj", "{967CEEFF-1D09-45FC-95D2-AAD83C44E09E}"
EndProject
Project("{9A19103F-16F7-4668-BE54-9A1E7A4F7556}") = "uri_1007", "uri_1007\uri_1007.csproj", "{9396341F-ED92-4D9B-8684-11D31DC27263}"
EndProject
Project("{9A19103F-16F7-4668-BE54-9A1E7A4F7556}") = "uri_1008", "uri_1008\uri_1008.csproj", "{31C03A44-28BA-44DB-B4BA-251D3ED97B10}"
EndProject
Project("{9A19103F-16F7-4668-BE54-9A1E7A4F7556}") = "uri_1009", "uri_1009\uri_1009.csproj", "{987314AF-1F87-4F8A-ACCB-000A622038BF}"
EndProject
Project("{9A19103F-16F7-4668-BE54-9A1E7A4F7556}") = "uri_1010", "uri_1010\uri_1010.csproj", "{D483484A-BA58-4B6B-B670-997157CB501A}"
EndProject
Project("{9A19103F-16F7-4668-BE54-9A1E7A4F7556}") = "uri_1012", "uri_1012\uri_1012.csproj", "{BAE446D4-7D25-477B-81DE-C7DF0159A703}"
EndProject
Project("{9A19103F-16F7-4668-BE54-9A1E7A4F7556}") = "uri_1013", "uri_1013\uri_1013.csproj", "{E0B87F0B-1463-463F-AF38-EFF753D5AC26}"
EndProject
Project("{9A19103F-16F7-4668-BE54-9A1E7A4F7556}") = "uri_1014", "uri_1014\uri_1014.csproj", "{3133D197-CDC3-49CD-93BD-C61A8621AC6F}"
EndProject
Project("{9A19103F-16F7-4668-BE54-9A1E7A4F7556}") = "uri_1015", "uri_1015\uri_1015.csproj", "{0C59C810-ADC1-4F49-A715-D97015F9501B}"
EndProject
Project("{9A19103F-16F7-4668-BE54-9A1E7A4F7556}") = "uri_2016", "uri_2016\uri_2016.csproj", "{867FAD1D-3008-4E2C-974C-97D201B37B64}"
EndProject
Project("{9A19103F-16F7-4668-BE54-9A1E7A4F7556}") = "uri_2017", "uri_2017\uri_2017.csproj", "{806E415F-37B7-45D5-9481-BEB50D952DDB}"
EndProject
Project("{9A19103F-16F7-4668-BE54-9A1E7A4F7556}") = "uri_2018", "uri_2018\uri_2018.csproj", "{00DC7821-784D-48BB-A4A6-A60544636E6C}"
EndProject
Project("{9A19103F-16F7-4668-BE54-9A1E7A4F7556}") = "uri_2019", "uri_2019\uri_2019.csproj", "{BC6879C8-45EE-4509-8F72-1F8BAC12AB0D}"
EndProject
Project("{9A19103F-16F7-4668-BE54-9A1E7A4F7556}") = "uri_2021", "uri_2021\uri_2021.csproj", "{4385A06C-1F85-4426-820A-A50BF900DA86}"
EndProject
Project("{9A19103F-16F7-4668-BE54-9A1E7A4F7556}") = "uri_2035", "uri_2035\uri_2035.csproj", "{72124A7A-7EB8-420B-8A45-7C154650A6C1}"
EndProject
Project("{9A19103F-16F7-4668-BE54-9A1E7A4F7556}") = "uri_1036", "uri_1036\uri_1036.csproj", "{000842BC-26F1-4D4A-9021-AB8FC890F869}"
EndProject
Project("{9A19103F-16F7-4668-BE54-9A1E7A4F7556}") = "uri_2037", "uri_2037\uri_2037.csproj", "{B971C9DF-DB98-4129-A6AA-DDDA1CC56C3C}"
EndProject
Project("{9A19103F-16F7-4668-BE54-9A1E7A4F7556}") = "uri_2038", "uri_2038\uri_2038.csproj", "{A91E4EC3-B937-4F89-8F32-DE9E19636675}"
EndProject
Project("{9A19103F-16F7-4668-BE54-9A1E7A4F7556}") = "uri_1038", "uri_1038\uri_1038.csproj", "{317EA8D3-FFF7-40D7-BEAC-375D60F60012}"
EndProject
Project("{9A19103F-16F7-4668-BE54-9A1E7A4F7556}") = "uri_1040", "uri_1040\uri_1040.csproj", "{B5012EBA-7B36-4443-9B80-645C03DD7E11}"
EndProject
Project("{FAE04EC0-301F-11D3-BF4B-00C04F79EFBC}") = "uri_2040", "uri_2040\uri_2040.csproj", "{E965B807-33B6-42C7-B613-788F29FAE829}"
EndProject
Project("{FAE04EC0-301F-11D3-BF4B-00C04F79EFBC}") = "uri_2043", "uri_2043\uri_2043.csproj", "{007B5611-318B-4199-99FF-BF99AD3EC95A}"
EndProject
Project("{FAE04EC0-301F-11D3-BF4B-00C04F79EFBC}") = "uri_2041", "uri_2041\uri_2041.csproj", "{1700B180-B5A4-4220-99AC-3075606C2B37}"
EndProject
Project("{FAE04EC0-301F-11D3-BF4B-00C04F79EFBC}") = "uri_1035", "uri_1035\uri_1035.csproj", "{4ACC9C43-EBC0-4B5F-8FDD-0070ED1E0A7C}"
EndProject
Global
	GlobalSection(SolutionConfigurationPlatforms) = preSolution
		Debug|Any CPU = Debug|Any CPU
		Release|Any CPU = Release|Any CPU
	EndGlobalSection
	GlobalSection(ProjectConfigurationPlatforms) = postSolution
		{BC94E4CD-B6B8-4F29-B8F9-EBE30EA69CC5}.Debug|Any CPU.ActiveCfg = Debug|Any CPU
		{BC94E4CD-B6B8-4F29-B8F9-EBE30EA69CC5}.Debug|Any CPU.Build.0 = Debug|Any CPU
		{BC94E4CD-B6B8-4F29-B8F9-EBE30EA69CC5}.Release|Any CPU.ActiveCfg = Release|Any CPU
		{BC94E4CD-B6B8-4F29-B8F9-EBE30EA69CC5}.Release|Any CPU.Build.0 = Release|Any CPU
		{D375FC8E-C051-47B0-928E-8E226EB82421}.Debug|Any CPU.ActiveCfg = Debug|Any CPU
		{D375FC8E-C051-47B0-928E-8E226EB82421}.Debug|Any CPU.Build.0 = Debug|Any CPU
		{D375FC8E-C051-47B0-928E-8E226EB82421}.Release|Any CPU.ActiveCfg = Release|Any CPU
		{D375FC8E-C051-47B0-928E-8E226EB82421}.Release|Any CPU.Build.0 = Release|Any CPU
		{EE68A063-6A4F-4CB5-BF72-FBFDACF16827}.Debug|Any CPU.ActiveCfg = Debug|Any CPU
		{EE68A063-6A4F-4CB5-BF72-FBFDACF16827}.Debug|Any CPU.Build.0 = Debug|Any CPU
		{EE68A063-6A4F-4CB5-BF72-FBFDACF16827}.Release|Any CPU.ActiveCfg = Release|Any CPU
		{EE68A063-6A4F-4CB5-BF72-FBFDACF16827}.Release|Any CPU.Build.0 = Release|Any CPU
		{EBD2CE3D-89AB-4CC8-91C7-533EBB3400BA}.Debug|Any CPU.ActiveCfg = Debug|Any CPU
		{EBD2CE3D-89AB-4CC8-91C7-533EBB3400BA}.Debug|Any CPU.Build.0 = Debug|Any CPU
		{EBD2CE3D-89AB-4CC8-91C7-533EBB3400BA}.Release|Any CPU.ActiveCfg = Release|Any CPU
		{EBD2CE3D-89AB-4CC8-91C7-533EBB3400BA}.Release|Any CPU.Build.0 = Release|Any CPU
		{37C3E155-DB4B-427C-8294-B4F6328849A8}.Debug|Any CPU.ActiveCfg = Debug|Any CPU
		{37C3E155-DB4B-427C-8294-B4F6328849A8}.Debug|Any CPU.Build.0 = Debug|Any CPU
		{37C3E155-DB4B-427C-8294-B4F6328849A8}.Release|Any CPU.ActiveCfg = Release|Any CPU
		{37C3E155-DB4B-427C-8294-B4F6328849A8}.Release|Any CPU.Build.0 = Release|Any CPU
		{EF8488C8-07DA-42A3-A5F9-D5320E2BDB4D}.Debug|Any CPU.ActiveCfg = Debug|Any CPU
		{EF8488C8-07DA-42A3-A5F9-D5320E2BDB4D}.Debug|Any CPU.Build.0 = Debug|Any CPU
		{EF8488C8-07DA-42A3-A5F9-D5320E2BDB4D}.Release|Any CPU.ActiveCfg = Release|Any CPU
		{EF8488C8-07DA-42A3-A5F9-D5320E2BDB4D}.Release|Any CPU.Build.0 = Release|Any CPU
		{967CEEFF-1D09-45FC-95D2-AAD83C44E09E}.Debug|Any CPU.ActiveCfg = Debug|Any CPU
		{967CEEFF-1D09-45FC-95D2-AAD83C44E09E}.Debug|Any CPU.Build.0 = Debug|Any CPU
		{967CEEFF-1D09-45FC-95D2-AAD83C44E09E}.Release|Any CPU.ActiveCfg = Release|Any CPU
		{967CEEFF-1D09-45FC-95D2-AAD83C44E09E}.Release|Any CPU.Build.0 = Release|Any CPU
		{9396341F-ED92-4D9B-8684-11D31DC27263}.Debug|Any CPU.ActiveCfg = Debug|Any CPU
		{9396341F-ED92-4D9B-8684-11D31DC27263}.Debug|Any CPU.Build.0 = Debug|Any CPU
		{9396341F-ED92-4D9B-8684-11D31DC27263}.Release|Any CPU.ActiveCfg = Release|Any CPU
		{9396341F-ED92-4D9B-8684-11D31DC27263}.Release|Any CPU.Build.0 = Release|Any CPU
		{31C03A44-28BA-44DB-B4BA-251D3ED97B10}.Debug|Any CPU.ActiveCfg = Debug|Any CPU
		{31C03A44-28BA-44DB-B4BA-251D3ED97B10}.Debug|Any CPU.Build.0 = Debug|Any CPU
		{31C03A44-28BA-44DB-B4BA-251D3ED97B10}.Release|Any CPU.ActiveCfg = Release|Any CPU
		{31C03A44-28BA-44DB-B4BA-251D3ED97B10}.Release|Any CPU.Build.0 = Release|Any CPU
		{987314AF-1F87-4F8A-ACCB-000A622038BF}.Debug|Any CPU.ActiveCfg = Debug|Any CPU
		{987314AF-1F87-4F8A-ACCB-000A622038BF}.Debug|Any CPU.Build.0 = Debug|Any CPU
		{987314AF-1F87-4F8A-ACCB-000A622038BF}.Release|Any CPU.ActiveCfg = Release|Any CPU
		{987314AF-1F87-4F8A-ACCB-000A622038BF}.Release|Any CPU.Build.0 = Release|Any CPU
		{D483484A-BA58-4B6B-B670-997157CB501A}.Debug|Any CPU.ActiveCfg = Debug|Any CPU
		{D483484A-BA58-4B6B-B670-997157CB501A}.Debug|Any CPU.Build.0 = Debug|Any CPU
		{D483484A-BA58-4B6B-B670-997157CB501A}.Release|Any CPU.ActiveCfg = Release|Any CPU
		{D483484A-BA58-4B6B-B670-997157CB501A}.Release|Any CPU.Build.0 = Release|Any CPU
		{BAE446D4-7D25-477B-81DE-C7DF0159A703}.Debug|Any CPU.ActiveCfg = Debug|Any CPU
		{BAE446D4-7D25-477B-81DE-C7DF0159A703}.Debug|Any CPU.Build.0 = Debug|Any CPU
		{BAE446D4-7D25-477B-81DE-C7DF0159A703}.Release|Any CPU.ActiveCfg = Release|Any CPU
		{BAE446D4-7D25-477B-81DE-C7DF0159A703}.Release|Any CPU.Build.0 = Release|Any CPU
		{E0B87F0B-1463-463F-AF38-EFF753D5AC26}.Debug|Any CPU.ActiveCfg = Debug|Any CPU
		{E0B87F0B-1463-463F-AF38-EFF753D5AC26}.Debug|Any CPU.Build.0 = Debug|Any CPU
		{E0B87F0B-1463-463F-AF38-EFF753D5AC26}.Release|Any CPU.ActiveCfg = Release|Any CPU
		{E0B87F0B-1463-463F-AF38-EFF753D5AC26}.Release|Any CPU.Build.0 = Release|Any CPU
		{3133D197-CDC3-49CD-93BD-C61A8621AC6F}.Debug|Any CPU.ActiveCfg = Debug|Any CPU
		{3133D197-CDC3-49CD-93BD-C61A8621AC6F}.Debug|Any CPU.Build.0 = Debug|Any CPU
		{3133D197-CDC3-49CD-93BD-C61A8621AC6F}.Release|Any CPU.ActiveCfg = Release|Any CPU
		{3133D197-CDC3-49CD-93BD-C61A8621AC6F}.Release|Any CPU.Build.0 = Release|Any CPU
		{0C59C810-ADC1-4F49-A715-D97015F9501B}.Debug|Any CPU.ActiveCfg = Debug|Any CPU
		{0C59C810-ADC1-4F49-A715-D97015F9501B}.Debug|Any CPU.Build.0 = Debug|Any CPU
		{0C59C810-ADC1-4F49-A715-D97015F9501B}.Release|Any CPU.ActiveCfg = Release|Any CPU
		{0C59C810-ADC1-4F49-A715-D97015F9501B}.Release|Any CPU.Build.0 = Release|Any CPU
		{867FAD1D-3008-4E2C-974C-97D201B37B64}.Debug|Any CPU.ActiveCfg = Debug|Any CPU
		{867FAD1D-3008-4E2C-974C-97D201B37B64}.Debug|Any CPU.Build.0 = Debug|Any CPU
		{867FAD1D-3008-4E2C-974C-97D201B37B64}.Release|Any CPU.ActiveCfg = Release|Any CPU
		{867FAD1D-3008-4E2C-974C-97D201B37B64}.Release|Any CPU.Build.0 = Release|Any CPU
		{806E415F-37B7-45D5-9481-BEB50D952DDB}.Debug|Any CPU.ActiveCfg = Debug|Any CPU
		{806E415F-37B7-45D5-9481-BEB50D952DDB}.Debug|Any CPU.Build.0 = Debug|Any CPU
		{806E415F-37B7-45D5-9481-BEB50D952DDB}.Release|Any CPU.ActiveCfg = Release|Any CPU
		{806E415F-37B7-45D5-9481-BEB50D952DDB}.Release|Any CPU.Build.0 = Release|Any CPU
		{00DC7821-784D-48BB-A4A6-A60544636E6C}.Debug|Any CPU.ActiveCfg = Debug|Any CPU
		{00DC7821-784D-48BB-A4A6-A60544636E6C}.Debug|Any CPU.Build.0 = Debug|Any CPU
		{00DC7821-784D-48BB-A4A6-A60544636E6C}.Release|Any CPU.ActiveCfg = Release|Any CPU
		{00DC7821-784D-48BB-A4A6-A60544636E6C}.Release|Any CPU.Build.0 = Release|Any CPU
		{BC6879C8-45EE-4509-8F72-1F8BAC12AB0D}.Debug|Any CPU.ActiveCfg = Debug|Any CPU
		{BC6879C8-45EE-4509-8F72-1F8BAC12AB0D}.Debug|Any CPU.Build.0 = Debug|Any CPU
		{BC6879C8-45EE-4509-8F72-1F8BAC12AB0D}.Release|Any CPU.ActiveCfg = Release|Any CPU
		{BC6879C8-45EE-4509-8F72-1F8BAC12AB0D}.Release|Any CPU.Build.0 = Release|Any CPU
		{4385A06C-1F85-4426-820A-A50BF900DA86}.Debug|Any CPU.ActiveCfg = Debug|Any CPU
		{4385A06C-1F85-4426-820A-A50BF900DA86}.Debug|Any CPU.Build.0 = Debug|Any CPU
		{4385A06C-1F85-4426-820A-A50BF900DA86}.Release|Any CPU.ActiveCfg = Release|Any CPU
		{4385A06C-1F85-4426-820A-A50BF900DA86}.Release|Any CPU.Build.0 = Release|Any CPU
		{72124A7A-7EB8-420B-8A45-7C154650A6C1}.Debug|Any CPU.ActiveCfg = Debug|Any CPU
		{72124A7A-7EB8-420B-8A45-7C154650A6C1}.Debug|Any CPU.Build.0 = Debug|Any CPU
		{72124A7A-7EB8-420B-8A45-7C154650A6C1}.Release|Any CPU.ActiveCfg = Release|Any CPU
		{72124A7A-7EB8-420B-8A45-7C154650A6C1}.Release|Any CPU.Build.0 = Release|Any CPU
		{000842BC-26F1-4D4A-9021-AB8FC890F869}.Debug|Any CPU.ActiveCfg = Debug|Any CPU
		{000842BC-26F1-4D4A-9021-AB8FC890F869}.Debug|Any CPU.Build.0 = Debug|Any CPU
		{000842BC-26F1-4D4A-9021-AB8FC890F869}.Release|Any CPU.ActiveCfg = Release|Any CPU
		{000842BC-26F1-4D4A-9021-AB8FC890F869}.Release|Any CPU.Build.0 = Release|Any CPU
		{B971C9DF-DB98-4129-A6AA-DDDA1CC56C3C}.Debug|Any CPU.ActiveCfg = Debug|Any CPU
		{B971C9DF-DB98-4129-A6AA-DDDA1CC56C3C}.Debug|Any CPU.Build.0 = Debug|Any CPU
		{B971C9DF-DB98-4129-A6AA-DDDA1CC56C3C}.Release|Any CPU.ActiveCfg = Release|Any CPU
		{B971C9DF-DB98-4129-A6AA-DDDA1CC56C3C}.Release|Any CPU.Build.0 = Release|Any CPU
		{A91E4EC3-B937-4F89-8F32-DE9E19636675}.Debug|Any CPU.ActiveCfg = Debug|Any CPU
		{A91E4EC3-B937-4F89-8F32-DE9E19636675}.Debug|Any CPU.Build.0 = Debug|Any CPU
		{A91E4EC3-B937-4F89-8F32-DE9E19636675}.Release|Any CPU.ActiveCfg = Release|Any CPU
		{A91E4EC3-B937-4F89-8F32-DE9E19636675}.Release|Any CPU.Build.0 = Release|Any CPU
		{317EA8D3-FFF7-40D7-BEAC-375D60F60012}.Debug|Any CPU.ActiveCfg = Debug|Any CPU
		{317EA8D3-FFF7-40D7-BEAC-375D60F60012}.Debug|Any CPU.Build.0 = Debug|Any CPU
		{317EA8D3-FFF7-40D7-BEAC-375D60F60012}.Release|Any CPU.ActiveCfg = Release|Any CPU
		{317EA8D3-FFF7-40D7-BEAC-375D60F60012}.Release|Any CPU.Build.0 = Release|Any CPU
		{B5012EBA-7B36-4443-9B80-645C03DD7E11}.Debug|Any CPU.ActiveCfg = Debug|Any CPU
		{B5012EBA-7B36-4443-9B80-645C03DD7E11}.Debug|Any CPU.Build.0 = Debug|Any CPU
		{B5012EBA-7B36-4443-9B80-645C03DD7E11}.Release|Any CPU.ActiveCfg = Release|Any CPU
		{B5012EBA-7B36-4443-9B80-645C03DD7E11}.Release|Any CPU.Build.0 = Release|Any CPU
		{E965B807-33B6-42C7-B613-788F29FAE829}.Debug|Any CPU.ActiveCfg = Debug|Any CPU
		{E965B807-33B6-42C7-B613-788F29FAE829}.Debug|Any CPU.Build.0 = Debug|Any CPU
		{E965B807-33B6-42C7-B613-788F29FAE829}.Release|Any CPU.ActiveCfg = Release|Any CPU
		{E965B807-33B6-42C7-B613-788F29FAE829}.Release|Any CPU.Build.0 = Release|Any CPU
		{007B5611-318B-4199-99FF-BF99AD3EC95A}.Debug|Any CPU.ActiveCfg = Debug|Any CPU
		{007B5611-318B-4199-99FF-BF99AD3EC95A}.Debug|Any CPU.Build.0 = Debug|Any CPU
		{007B5611-318B-4199-99FF-BF99AD3EC95A}.Release|Any CPU.ActiveCfg = Release|Any CPU
		{007B5611-318B-4199-99FF-BF99AD3EC95A}.Release|Any CPU.Build.0 = Release|Any CPU
		{1700B180-B5A4-4220-99AC-3075606C2B37}.Debug|Any CPU.ActiveCfg = Debug|Any CPU
		{1700B180-B5A4-4220-99AC-3075606C2B37}.Debug|Any CPU.Build.0 = Debug|Any CPU
		{1700B180-B5A4-4220-99AC-3075606C2B37}.Release|Any CPU.ActiveCfg = Release|Any CPU
		{1700B180-B5A4-4220-99AC-3075606C2B37}.Release|Any CPU.Build.0 = Release|Any CPU
		{4ACC9C43-EBC0-4B5F-8FDD-0070ED1E0A7C}.Debug|Any CPU.ActiveCfg = Debug|Any CPU
		{4ACC9C43-EBC0-4B5F-8FDD-0070ED1E0A7C}.Debug|Any CPU.Build.0 = Debug|Any CPU
		{4ACC9C43-EBC0-4B5F-8FDD-0070ED1E0A7C}.Release|Any CPU.ActiveCfg = Release|Any CPU
		{4ACC9C43-EBC0-4B5F-8FDD-0070ED1E0A7C}.Release|Any CPU.Build.0 = Release|Any CPU
	EndGlobalSection
	GlobalSection(SolutionProperties) = preSolution
		HideSolutionNode = FALSE
	EndGlobalSection
	GlobalSection(ExtensibilityGlobals) = postSolution
		SolutionGuid = {E4898761-ACD2-4CED-842E-F391AF676382}
	EndGlobalSection
EndGlobal
